// !$*UTF8*$!
{
	archiveVersion = 1;
	classes = {
	};
	objectVersion = 77;
	objects = {

/* Begin PBXContainerItemProxy section */
		5E0737532DEDD04E0019ACBC /* PBXContainerItemProxy */ = {
			isa = PBXContainerItemProxy;
			containerPortal = 5E07373C2DEDD04D0019ACBC /* Project object */;
			proxyType = 1;
			remoteGlobalIDString = 5E0737432DEDD04D0019ACBC;
			remoteInfo = AboutWindowExample;
		};
		5E07375D2DEDD04E0019ACBC /* PBXContainerItemProxy */ = {
			isa = PBXContainerItemProxy;
			containerPortal = 5E07373C2DEDD04D0019ACBC /* Project object */;
			proxyType = 1;
			remoteGlobalIDString = 5E0737432DEDD04D0019ACBC;
			remoteInfo = AboutWindowExample;
		};
/* End PBXContainerItemProxy section */

/* Begin PBXFileReference section */
		5E0737442DEDD04D0019ACBC /* AboutWindowExample.app */ = {isa = PBXFileReference; explicitFileType = wrapper.application; includeInIndex = 0; path = AboutWindowExample.app; sourceTree = BUILT_PRODUCTS_DIR; };
		5E0737522DEDD04E0019ACBC /* AboutWindowExampleTests.xctest */ = {isa = PBXFileReference; explicitFileType = wrapper.cfbundle; includeInIndex = 0; path = AboutWindowExampleTests.xctest; sourceTree = BUILT_PRODUCTS_DIR; };
		5E07375C2DEDD04E0019ACBC /* AboutWindowExampleUITests.xctest */ = {isa = PBXFileReference; explicitFileType = wrapper.cfbundle; includeInIndex = 0; path = AboutWindowExampleUITests.xctest; sourceTree = BUILT_PRODUCTS_DIR; };
/* End PBXFileReference section */

/* Begin PBXFileSystemSynchronizedRootGroup section */
		5E0737462DEDD04D0019ACBC /* AboutWindowExample */ = {
			isa = PBXFileSystemSynchronizedRootGroup;
			path = AboutWindowExample;
			sourceTree = "<group>";
		};
		5E0737552DEDD04E0019ACBC /* AboutWindowExampleTests */ = {
			isa = PBXFileSystemSynchronizedRootGroup;
			path = AboutWindowExampleTests;
			sourceTree = "<group>";
		};
		5E07375F2DEDD04E0019ACBC /* AboutWindowExampleUITests */ = {
			isa = PBXFileSystemSynchronizedRootGroup;
			path = AboutWindowExampleUITests;
			sourceTree = "<group>";
		};
/* End PBXFileSystemSynchronizedRootGroup section */

/* Begin PBXFrameworksBuildPhase section */
		5E0737412DEDD04D0019ACBC /* Frameworks */ = {
			isa = PBXFrameworksBuildPhase;
			buildActionMask = 2147483647;
			files = (
			);
			runOnlyForDeploymentPostprocessing = 0;
		};
		5E07374F2DEDD04E0019ACBC /* Frameworks */ = {
			isa = PBXFrameworksBuildPhase;
			buildActionMask = 2147483647;
			files = (
			);
			runOnlyForDeploymentPostprocessing = 0;
		};
		5E0737592DEDD04E0019ACBC /* Frameworks */ = {
			isa = PBXFrameworksBuildPhase;
			buildActionMask = 2147483647;
			files = (
			);
			runOnlyForDeploymentPostprocessing = 0;
		};
/* End PBXFrameworksBuildPhase section */

/* Begin PBXGroup section */
		5E07373B2DEDD04D0019ACBC = {
			isa = PBXGroup;
			children = (
				5E0737462DEDD04D0019ACBC /* AboutWindowExample */,
				5E0737552DEDD04E0019ACBC /* AboutWindowExampleTests */,
				5E07375F2DEDD04E0019ACBC /* AboutWindowExampleUITests */,
				5E0737452DEDD04D0019ACBC /* Products */,
			);
			sourceTree = "<group>";
		};
		5E0737452DEDD04D0019ACBC /* Products */ = {
			isa = PBXGroup;
			children = (
				5E0737442DEDD04D0019ACBC /* AboutWindowExample.app */,
				5E0737522DEDD04E0019ACBC /* AboutWindowExampleTests.xctest */,
				5E07375C2DEDD04E0019ACBC /* AboutWindowExampleUITests.xctest */,
			);
			name = Products;
			sourceTree = "<group>";
		};
/* End PBXGroup section */

/* Begin PBXNativeTarget section */
		5E0737432DEDD04D0019ACBC /* AboutWindowExample */ = {
			isa = PBXNativeTarget;
			buildConfigurationList = 5E0737662DEDD04E0019ACBC /* Build configuration list for PBXNativeTarget "AboutWindowExample" */;
			buildPhases = (
				5E0737402DEDD04D0019ACBC /* Sources */,
				5E0737412DEDD04D0019ACBC /* Frameworks */,
				5E0737422DEDD04D0019ACBC /* Resources */,
			);
			buildRules = (
			);
			dependencies = (
			);
			fileSystemSynchronizedGroups = (
				5E0737462DEDD04D0019ACBC /* AboutWindowExample */,
			);
			name = AboutWindowExample;
			packageProductDependencies = (
			);
			productName = AboutWindowExample;
			productReference = 5E0737442DEDD04D0019ACBC /* AboutWindowExample.app */;
			productType = "com.apple.product-type.application";
		};
		5E0737512DEDD04E0019ACBC /* AboutWindowExampleTests */ = {
			isa = PBXNativeTarget;
			buildConfigurationList = 5E0737692DEDD04E0019ACBC /* Build configuration list for PBXNativeTarget "AboutWindowExampleTests" */;
			buildPhases = (
				5E07374E2DEDD04E0019ACBC /* Sources */,
				5E07374F2DEDD04E0019ACBC /* Frameworks */,
				5E0737502DEDD04E0019ACBC /* Resources */,
			);
			buildRules = (
			);
			dependencies = (
				5E0737542DEDD04E0019ACBC /* PBXTargetDependency */,
			);
			fileSystemSynchronizedGroups = (
				5E0737552DEDD04E0019ACBC /* AboutWindowExampleTests */,
			);
			name = AboutWindowExampleTests;
			packageProductDependencies = (
			);
			productName = AboutWindowExampleTests;
			productReference = 5E0737522DEDD04E0019ACBC /* AboutWindowExampleTests.xctest */;
			productType = "com.apple.product-type.bundle.unit-test";
		};
		5E07375B2DEDD04E0019ACBC /* AboutWindowExampleUITests */ = {
			isa = PBXNativeTarget;
			buildConfigurationList = 5E07376C2DEDD04E0019ACBC /* Build configuration list for PBXNativeTarget "AboutWindowExampleUITests" */;
			buildPhases = (
				5E0737582DEDD04E0019ACBC /* Sources */,
				5E0737592DEDD04E0019ACBC /* Frameworks */,
				5E07375A2DEDD04E0019ACBC /* Resources */,
			);
			buildRules = (
			);
			dependencies = (
				5E07375E2DEDD04E0019ACBC /* PBXTargetDependency */,
			);
			fileSystemSynchronizedGroups = (
				5E07375F2DEDD04E0019ACBC /* AboutWindowExampleUITests */,
			);
			name = AboutWindowExampleUITests;
			packageProductDependencies = (
			);
			productName = AboutWindowExampleUITests;
			productReference = 5E07375C2DEDD04E0019ACBC /* AboutWindowExampleUITests.xctest */;
			productType = "com.apple.product-type.bundle.ui-testing";
		};
/* End PBXNativeTarget section */

/* Begin PBXProject section */
		5E07373C2DEDD04D0019ACBC /* Project object */ = {
			isa = PBXProject;
			attributes = {
				BuildIndependentTargetsInParallel = 1;
				LastSwiftUpdateCheck = 1640;
				LastUpgradeCheck = 1640;
				TargetAttributes = {
					5E0737432DEDD04D0019ACBC = {
						CreatedOnToolsVersion = 16.4;
					};
					5E0737512DEDD04E0019ACBC = {
						CreatedOnToolsVersion = 16.4;
						TestTargetID = 5E0737432DEDD04D0019ACBC;
					};
					5E07375B2DEDD04E0019ACBC = {
						CreatedOnToolsVersion = 16.4;
						TestTargetID = 5E0737432DEDD04D0019ACBC;
					};
				};
			};
			buildConfigurationList = 5E07373F2DEDD04D0019ACBC /* Build configuration list for PBXProject "AboutWindowExample" */;
			developmentRegion = en;
			hasScannedForEncodings = 0;
			knownRegions = (
				en,
				Base,
			);
			mainGroup = 5E07373B2DEDD04D0019ACBC;
			minimizedProjectReferenceProxies = 1;
			preferredProjectObjectVersion = 77;
			productRefGroup = 5E0737452DEDD04D0019ACBC /* Products */;
			projectDirPath = "";
			projectRoot = "";
			targets = (
				5E0737432DEDD04D0019ACBC /* AboutWindowExample */,
				5E0737512DEDD04E0019ACBC /* AboutWindowExampleTests */,
				5E07375B2DEDD04E0019ACBC /* AboutWindowExampleUITests */,
			);
		};
/* End PBXProject section */

/* Begin PBXResourcesBuildPhase section */
		5E0737422DEDD04D0019ACBC /* Resources */ = {
			isa = PBXResourcesBuildPhase;
			buildActionMask = 2147483647;
			files = (
			);
			runOnlyForDeploymentPostprocessing = 0;
		};
		5E0737502DEDD04E0019ACBC /* Resources */ = {
			isa = PBXResourcesBuildPhase;
			buildActionMask = 2147483647;
			files = (
			);
			runOnlyForDeploymentPostprocessing = 0;
		};
		5E07375A2DEDD04E0019ACBC /* Resources */ = {
			isa = PBXResourcesBuildPhase;
			buildActionMask = 2147483647;
			files = (
			);
			runOnlyForDeploymentPostprocessing = 0;
		};
/* End PBXResourcesBuildPhase section */

/* Begin PBXSourcesBuildPhase section */
		5E0737402DEDD04D0019ACBC /* Sources */ = {
			isa = PBXSourcesBuildPhase;
			buildActionMask = 2147483647;
			files = (
			);
			runOnlyForDeploymentPostprocessing = 0;
		};
		5E07374E2DEDD04E0019ACBC /* Sources */ = {
			isa = PBXSourcesBuildPhase;
			buildActionMask = 2147483647;
			files = (
			);
			runOnlyForDeploymentPostprocessing = 0;
		};
		5E0737582DEDD04E0019ACBC /* Sources */ = {
			isa = PBXSourcesBuildPhase;
			buildActionMask = 2147483647;
			files = (
			);
			runOnlyForDeploymentPostprocessing = 0;
		};
/* End PBXSourcesBuildPhase section */

/* Begin PBXTargetDependency section */
		5E0737542DEDD04E0019ACBC /* PBXTargetDependency */ = {
			isa = PBXTargetDependency;
			target = 5E0737432DEDD04D0019ACBC /* AboutWindowExample */;
			targetProxy = 5E0737532DEDD04E0019ACBC /* PBXContainerItemProxy */;
		};
		5E07375E2DEDD04E0019ACBC /* PBXTargetDependency */ = {
			isa = PBXTargetDependency;
			target = 5E0737432DEDD04D0019ACBC /* AboutWindowExample */;
			targetProxy = 5E07375D2DEDD04E0019ACBC /* PBXContainerItemProxy */;
		};
/* End PBXTargetDependency section */

/* Begin XCBuildConfiguration section */
		5E0737642DEDD04E0019ACBC /* Debug */ = {
			isa = XCBuildConfiguration;
			buildSettings = {
				ALWAYS_SEARCH_USER_PATHS = NO;
				ASSETCATALOG_COMPILER_GENERATE_SWIFT_ASSET_SYMBOL_EXTENSIONS = YES;
				CLANG_ANALYZER_NONNULL = YES;
				CLANG_ANALYZER_NUMBER_OBJECT_CONVERSION = YES_AGGRESSIVE;
				CLANG_CXX_LANGUAGE_STANDARD = "gnu++20";
				CLANG_ENABLE_MODULES = YES;
				CLANG_ENABLE_OBJC_ARC = YES;
				CLANG_ENABLE_OBJC_WEAK = YES;
				CLANG_WARN_BLOCK_CAPTURE_AUTORELEASING = YES;
				CLANG_WARN_BOOL_CONVERSION = YES;
				CLANG_WARN_COMMA = YES;
				CLANG_WARN_CONSTANT_CONVERSION = YES;
				CLANG_WARN_DEPRECATED_OBJC_IMPLEMENTATIONS = YES;
				CLANG_WARN_DIRECT_OBJC_ISA_USAGE = YES_ERROR;
				CLANG_WARN_DOCUMENTATION_COMMENTS = YES;
				CLANG_WARN_EMPTY_BODY = YES;
				CLANG_WARN_ENUM_CONVERSION = YES;
				CLANG_WARN_INFINITE_RECURSION = YES;
				CLANG_WARN_INT_CONVERSION = YES;
				CLANG_WARN_NON_LITERAL_NULL_CONVERSION = YES;
				CLANG_WARN_OBJC_IMPLICIT_RETAIN_SELF = YES;
				CLANG_WARN_OBJC_LITERAL_CONVERSION = YES;
				CLANG_WARN_OBJC_ROOT_CLASS = YES_ERROR;
				CLANG_WARN_QUOTED_INCLUDE_IN_FRAMEWORK_HEADER = YES;
				CLANG_WARN_RANGE_LOOP_ANALYSIS = YES;
				CLANG_WARN_STRICT_PROTOTYPES = YES;
				CLANG_WARN_SUSPICIOUS_MOVE = YES;
				CLANG_WARN_UNGUARDED_AVAILABILITY = YES_AGGRESSIVE;
				CLANG_WARN_UNREACHABLE_CODE = YES;
				CLANG_WARN__DUPLICATE_METHOD_MATCH = YES;
				COPY_PHASE_STRIP = NO;
				DEBUG_INFORMATION_FORMAT = dwarf;
				DEVELOPMENT_TEAM = HG8TU44368;
				ENABLE_STRICT_OBJC_MSGSEND = YES;
				ENABLE_TESTABILITY = YES;
				ENABLE_USER_SCRIPT_SANDBOXING = YES;
				GCC_C_LANGUAGE_STANDARD = gnu17;
				GCC_DYNAMIC_NO_PIC = NO;
				GCC_NO_COMMON_BLOCKS = YES;
				GCC_OPTIMIZATION_LEVEL = 0;
				GCC_PREPROCESSOR_DEFINITIONS = (
					"DEBUG=1",
					"$(inherited)",
				);
				GCC_WARN_64_TO_32_BIT_CONVERSION = YES;
				GCC_WARN_ABOUT_RETURN_TYPE = YES_ERROR;
				GCC_WARN_UNDECLARED_SELECTOR = YES;
				GCC_WARN_UNINITIALIZED_AUTOS = YES_AGGRESSIVE;
				GCC_WARN_UNUSED_FUNCTION = YES;
				GCC_WARN_UNUSED_VARIABLE = YES;
				LOCALIZATION_PREFERS_STRING_CATALOGS = YES;
				MACOSX_DEPLOYMENT_TARGET = 15.5;
				MTL_ENABLE_DEBUG_INFO = INCLUDE_SOURCE;
				MTL_FAST_MATH = YES;
				ONLY_ACTIVE_ARCH = YES;
				SDKROOT = macosx;
				SWIFT_ACTIVE_COMPILATION_CONDITIONS = "DEBUG $(inherited)";
				SWIFT_OPTIMIZATION_LEVEL = "-Onone";
			};
			name = Debug;
		};
		5E0737652DEDD04E0019ACBC /* Release */ = {
			isa = XCBuildConfiguration;
			buildSettings = {
				ALWAYS_SEARCH_USER_PATHS = NO;
				ASSETCATALOG_COMPILER_GENERATE_SWIFT_ASSET_SYMBOL_EXTENSIONS = YES;
				CLANG_ANALYZER_NONNULL = YES;
				CLANG_ANALYZER_NUMBER_OBJECT_CONVERSION = YES_AGGRESSIVE;
				CLANG_CXX_LANGUAGE_STANDARD = "gnu++20";
				CLANG_ENABLE_MODULES = YES;
				CLANG_ENABLE_OBJC_ARC = YES;
				CLANG_ENABLE_OBJC_WEAK = YES;
				CLANG_WARN_BLOCK_CAPTURE_AUTORELEASING = YES;
				CLANG_WARN_BOOL_CONVERSION = YES;
				CLANG_WARN_COMMA = YES;
				CLANG_WARN_CONSTANT_CONVERSION = YES;
				CLANG_WARN_DEPRECATED_OBJC_IMPLEMENTATIONS = YES;
				CLANG_WARN_DIRECT_OBJC_ISA_USAGE = YES_ERROR;
				CLANG_WARN_DOCUMENTATION_COMMENTS = YES;
				CLANG_WARN_EMPTY_BODY = YES;
				CLANG_WARN_ENUM_CONVERSION = YES;
				CLANG_WARN_INFINITE_RECURSION = YES;
				CLANG_WARN_INT_CONVERSION = YES;
				CLANG_WARN_NON_LITERAL_NULL_CONVERSION = YES;
				CLANG_WARN_OBJC_IMPLICIT_RETAIN_SELF = YES;
				CLANG_WARN_OBJC_LITERAL_CONVERSION = YES;
				CLANG_WARN_OBJC_ROOT_CLASS = YES_ERROR;
				CLANG_WARN_QUOTED_INCLUDE_IN_FRAMEWORK_HEADER = YES;
				CLANG_WARN_RANGE_LOOP_ANALYSIS = YES;
				CLANG_WARN_STRICT_PROTOTYPES = YES;
				CLANG_WARN_SUSPICIOUS_MOVE = YES;
				CLANG_WARN_UNGUARDED_AVAILABILITY = YES_AGGRESSIVE;
				CLANG_WARN_UNREACHABLE_CODE = YES;
				CLANG_WARN__DUPLICATE_METHOD_MATCH = YES;
				COPY_PHASE_STRIP = NO;
				DEBUG_INFORMATION_FORMAT = "dwarf-with-dsym";
				DEVELOPMENT_TEAM = HG8TU44368;
				ENABLE_NS_ASSERTIONS = NO;
				ENABLE_STRICT_OBJC_MSGSEND = YES;
				ENABLE_USER_SCRIPT_SANDBOXING = YES;
				GCC_C_LANGUAGE_STANDARD = gnu17;
				GCC_NO_COMMON_BLOCKS = YES;
				GCC_WARN_64_TO_32_BIT_CONVERSION = YES;
				GCC_WARN_ABOUT_RETURN_TYPE = YES_ERROR;
				GCC_WARN_UNDECLARED_SELECTOR = YES;
				GCC_WARN_UNINITIALIZED_AUTOS = YES_AGGRESSIVE;
				GCC_WARN_UNUSED_FUNCTION = YES;
				GCC_WARN_UNUSED_VARIABLE = YES;
				LOCALIZATION_PREFERS_STRING_CATALOGS = YES;
				MACOSX_DEPLOYMENT_TARGET = 15.5;
				MTL_ENABLE_DEBUG_INFO = NO;
				MTL_FAST_MATH = YES;
				SDKROOT = macosx;
				SWIFT_COMPILATION_MODE = wholemodule;
			};
			name = Release;
		};
		5E0737672DEDD04E0019ACBC /* Debug */ = {
			isa = XCBuildConfiguration;
			buildSettings = {
				ASSETCATALOG_COMPILER_APPICON_NAME = AppIcon;
				ASSETCATALOG_COMPILER_GLOBAL_ACCENT_COLOR_NAME = AccentColor;
				CODE_SIGN_ENTITLEMENTS = AboutWindowExample/AboutWindowExample.entitlements;
				CODE_SIGN_STYLE = Automatic;
				COMBINE_HIDPI_IMAGES = YES;
				CURRENT_PROJECT_VERSION = 1;
				DEVELOPMENT_TEAM = HG8TU44368;
				ENABLE_HARDENED_RUNTIME = YES;
				ENABLE_PREVIEWS = YES;
				GENERATE_INFOPLIST_FILE = YES;
				INFOPLIST_KEY_NSHumanReadableCopyright = "";
				LD_RUNPATH_SEARCH_PATHS = (
					"$(inherited)",
					"@executable_path/../Frameworks",
				);
				MARKETING_VERSION = 1.0;
				PRODUCT_BUNDLE_IDENTIFIER = com.CodeEdit.AboutWindowExample;
				PRODUCT_NAME = "$(TARGET_NAME)";
				REGISTER_APP_GROUPS = YES;
				SWIFT_EMIT_LOC_STRINGS = YES;
				SWIFT_VERSION = 5.0;
			};
			name = Debug;
		};
		5E0737682DEDD04E0019ACBC /* Release */ = {
			isa = XCBuildConfiguration;
			buildSettings = {
				ASSETCATALOG_COMPILER_APPICON_NAME = AppIcon;
				ASSETCATALOG_COMPILER_GLOBAL_ACCENT_COLOR_NAME = AccentColor;
				CODE_SIGN_ENTITLEMENTS = AboutWindowExample/AboutWindowExample.entitlements;
				CODE_SIGN_STYLE = Automatic;
				COMBINE_HIDPI_IMAGES = YES;
				CURRENT_PROJECT_VERSION = 1;
				DEVELOPMENT_TEAM = HG8TU44368;
				ENABLE_HARDENED_RUNTIME = YES;
				ENABLE_PREVIEWS = YES;
				GENERATE_INFOPLIST_FILE = YES;
				INFOPLIST_KEY_NSHumanReadableCopyright = "";
				LD_RUNPATH_SEARCH_PATHS = (
					"$(inherited)",
					"@executable_path/../Frameworks",
				);
				MARKETING_VERSION = 1.0;
				PRODUCT_BUNDLE_IDENTIFIER = com.CodeEdit.AboutWindowExample;
				PRODUCT_NAME = "$(TARGET_NAME)";
				REGISTER_APP_GROUPS = YES;
				SWIFT_EMIT_LOC_STRINGS = YES;
				SWIFT_VERSION = 5.0;
			};
			name = Release;
		};
		5E07376A2DEDD04E0019ACBC /* Debug */ = {
			isa = XCBuildConfiguration;
			buildSettings = {
				BUNDLE_LOADER = "$(TEST_HOST)";
				CODE_SIGN_STYLE = Automatic;
				CURRENT_PROJECT_VERSION = 1;
				DEVELOPMENT_TEAM = HG8TU44368;
				GENERATE_INFOPLIST_FILE = YES;
				MACOSX_DEPLOYMENT_TARGET = 15.5;
				MARKETING_VERSION = 1.0;
				PRODUCT_BUNDLE_IDENTIFIER = com.CodeEdit.AboutWindowExampleTests;
				PRODUCT_NAME = "$(TARGET_NAME)";
				SWIFT_EMIT_LOC_STRINGS = NO;
				SWIFT_VERSION = 5.0;
				TEST_HOST = "$(BUILT_PRODUCTS_DIR)/AboutWindowExample.app/$(BUNDLE_EXECUTABLE_FOLDER_PATH)/AboutWindowExample";
			};
			name = Debug;
		};
		5E07376B2DEDD04E0019ACBC /* Release */ = {
			isa = XCBuildConfiguration;
			buildSettings = {
				BUNDLE_LOADER = "$(TEST_HOST)";
				CODE_SIGN_STYLE = Automatic;
				CURRENT_PROJECT_VERSION = 1;
				DEVELOPMENT_TEAM = HG8TU44368;
				GENERATE_INFOPLIST_FILE = YES;
				MACOSX_DEPLOYMENT_TARGET = 15.5;
				MARKETING_VERSION = 1.0;
				PRODUCT_BUNDLE_IDENTIFIER = com.CodeEdit.AboutWindowExampleTests;
				PRODUCT_NAME = "$(TARGET_NAME)";
				SWIFT_EMIT_LOC_STRINGS = NO;
				SWIFT_VERSION = 5.0;
				TEST_HOST = "$(BUILT_PRODUCTS_DIR)/AboutWindowExample.app/$(BUNDLE_EXECUTABLE_FOLDER_PATH)/AboutWindowExample";
			};
			name = Release;
		};
		5E07376D2DEDD04E0019ACBC /* Debug */ = {
			isa = XCBuildConfiguration;
			buildSettings = {
				CODE_SIGN_STYLE = Automatic;
				CURRENT_PROJECT_VERSION = 1;
				DEVELOPMENT_TEAM = HG8TU44368;
				GENERATE_INFOPLIST_FILE = YES;
				MARKETING_VERSION = 1.0;
				PRODUCT_BUNDLE_IDENTIFIER = com.CodeEdit.AboutWindowExampleUITests;
				PRODUCT_NAME = "$(TARGET_NAME)";
				SWIFT_EMIT_LOC_STRINGS = NO;
				SWIFT_VERSION = 5.0;
				TEST_TARGET_NAME = AboutWindowExample;
			};
			name = Debug;
		};
		5E07376E2DEDD04E0019ACBC /* Release */ = {
			isa = XCBuildConfiguration;
			buildSettings = {
				CODE_SIGN_STYLE = Automatic;
				CURRENT_PROJECT_VERSION = 1;
				DEVELOPMENT_TEAM = HG8TU44368;
				GENERATE_INFOPLIST_FILE = YES;
				MARKETING_VERSION = 1.0;
				PRODUCT_BUNDLE_IDENTIFIER = com.CodeEdit.AboutWindowExampleUITests;
				PRODUCT_NAME = "$(TARGET_NAME)";
				SWIFT_EMIT_LOC_STRINGS = NO;
				SWIFT_VERSION = 5.0;
				TEST_TARGET_NAME = AboutWindowExample;
			};
			name = Release;
		};
/* End XCBuildConfiguration section */

/* Begin XCConfigurationList section */
		5E07373F2DEDD04D0019ACBC /* Build configuration list for PBXProject "AboutWindowExample" */ = {
			isa = XCConfigurationList;
			buildConfigurations = (
				5E0737642DEDD04E0019ACBC /* Debug */,
				5E0737652DEDD04E0019ACBC /* Release */,
			);
			defaultConfigurationIsVisible = 0;
			defaultConfigurationName = Release;
		};
		5E0737662DEDD04E0019ACBC /* Build configuration list for PBXNativeTarget "AboutWindowExample" */ = {
			isa = XCConfigurationList;
			buildConfigurations = (
				5E0737672DEDD04E0019ACBC /* Debug */,
				5E0737682DEDD04E0019ACBC /* Release */,
			);
			defaultConfigurationIsVisible = 0;
			defaultConfigurationName = Release;
		};
		5E0737692DEDD04E0019ACBC /* Build configuration list for PBXNativeTarget "AboutWindowExampleTests" */ = {
			isa = XCConfigurationList;
			buildConfigurations = (
				5E07376A2DEDD04E0019ACBC /* Debug */,
				5E07376B2DEDD04E0019ACBC /* Release */,
			);
			defaultConfigurationIsVisible = 0;
			defaultConfigurationName = Release;
		};
		5E07376C2DEDD04E0019ACBC /* Build configuration list for PBXNativeTarget "AboutWindowExampleUITests" */ = {
			isa = XCConfigurationList;
			buildConfigurations = (
				5E07376D2DEDD04E0019ACBC /* Debug */,
				5E07376E2DEDD04E0019ACBC /* Release */,
			);
			defaultConfigurationIsVisible = 0;
			defaultConfigurationName = Release;
		};
/* End XCConfigurationList section */
	};
	rootObject = 5E07373C2DEDD04D0019ACBC /* Project object */;
}
