{
  "originHash" : "7ca82d7392f1e5397c31ded7e2baf1ace70b155a5e9a65a22d00032fe098340e",
  "pins" : [
    {
      "identity" : "codeeditsymbols",
      "kind" : "remoteSourceControl",
      "location" : "https://github.com/CodeEditApp/CodeEditSymbols.git",
      "state" : {
        "revision" : "ae69712b08571c4469c2ed5cd38ad9f19439793e",
        "version" : "0.2.3"
      }
    }
  ],
  "version" : 3
}
